// !$*UTF8*$!
{
	archiveVersion = 1;
	classes = {
	};
	objectVersion = 50;
	objects = {

/* Begin PBXBuildFile section */
		F106BEA924E34B8300EDE52B /* CategorySetting.swift in Sources */ = {isa = PBXBuildFile; fileRef = F106BEA824E34B8300EDE52B /* CategorySetting.swift */; };
		F106BEAB24E34D1900EDE52B /* CategoryItemSetting.swift in Sources */ = {isa = PBXBuildFile; fileRef = F106BEAA24E34D1900EDE52B /* CategoryItemSetting.swift */; };
		F114FCD624B4823800F3ACF5 /* Account.swift in Sources */ = {isa = PBXBuildFile; fileRef = F114FCD524B4823800F3ACF5 /* Account.swift */; };
		F114FCD824B483E600F3ACF5 /* Category.swift in Sources */ = {isa = PBXBuildFile; fileRef = F114FCD724B483E600F3ACF5 /* Category.swift */; };
		F114FCDA24B4940600F3ACF5 /* HomePage.swift in Sources */ = {isa = PBXBuildFile; fileRef = F114FCD924B4940600F3ACF5 /* HomePage.swift */; };
		F114FCDD24B4E82400F3ACF5 /* AccountData.swift in Sources */ = {isa = PBXBuildFile; fileRef = F114FCDC24B4E82400F3ACF5 /* AccountData.swift */; };
		F114FCDF24B4F46100F3ACF5 /* Currency.swift in Sources */ = {isa = PBXBuildFile; fileRef = F114FCDE24B4F46100F3ACF5 /* Currency.swift */; };
		F114FCE224B5010600F3ACF5 /* CollectionExtension.swift in Sources */ = {isa = PBXBuildFile; fileRef = F114FCE124B5010600F3ACF5 /* CollectionExtension.swift */; };
		F128814A24DC3B260025F2BF /* SettingPage.swift in Sources */ = {isa = PBXBuildFile; fileRef = F128814924DC3B260025F2BF /* SettingPage.swift */; };
		F128814E24DC49A60025F2BF /* UserProfile.swift in Sources */ = {isa = PBXBuildFile; fileRef = F128814D24DC49A60025F2BF /* UserProfile.swift */; };
		F133084024B32DFE0080B5C2 /* AppDelegate.swift in Sources */ = {isa = PBXBuildFile; fileRef = F133083F24B32DFE0080B5C2 /* AppDelegate.swift */; };
		F133084224B32DFE0080B5C2 /* SceneDelegate.swift in Sources */ = {isa = PBXBuildFile; fileRef = F133084124B32DFE0080B5C2 /* SceneDelegate.swift */; };
		F133084524B32DFE0080B5C2 /* CloudBookkeeping.xcdatamodeld in Sources */ = {isa = PBXBuildFile; fileRef = F133084324B32DFE0080B5C2 /* CloudBookkeeping.xcdatamodeld */; };
		F133084724B32DFE0080B5C2 /* ContentView.swift in Sources */ = {isa = PBXBuildFile; fileRef = F133084624B32DFE0080B5C2 /* ContentView.swift */; };
		F133084924B32DFF0080B5C2 /* Assets.xcassets in Resources */ = {isa = PBXBuildFile; fileRef = F133084824B32DFF0080B5C2 /* Assets.xcassets */; };
		F133084C24B32DFF0080B5C2 /* Preview Assets.xcassets in Resources */ = {isa = PBXBuildFile; fileRef = F133084B24B32DFF0080B5C2 /* Preview Assets.xcassets */; };
		F133084F24B32DFF0080B5C2 /* LaunchScreen.storyboard in Resources */ = {isa = PBXBuildFile; fileRef = F133084D24B32DFF0080B5C2 /* LaunchScreen.storyboard */; };
		F133085A24B32DFF0080B5C2 /* CloudBookkeepingTests.swift in Sources */ = {isa = PBXBuildFile; fileRef = F133085924B32DFF0080B5C2 /* CloudBookkeepingTests.swift */; };
		F133086524B32DFF0080B5C2 /* CloudBookkeepingUITests.swift in Sources */ = {isa = PBXBuildFile; fileRef = F133086424B32DFF0080B5C2 /* CloudBookkeepingUITests.swift */; };
		F13C3DC024CE4A9A00A67721 /* StringExtension.swift in Sources */ = {isa = PBXBuildFile; fileRef = F13C3DBF24CE4A9A00A67721 /* StringExtension.swift */; };
		F145317924CDEE4A00A07ADE /* URLExtension.swift in Sources */ = {isa = PBXBuildFile; fileRef = F145317824CDEE4A00A07ADE /* URLExtension.swift */; };
		F14531A124CE302A00A07ADE /* book.png in Resources */ = {isa = PBXBuildFile; fileRef = F145317F24CE302800A07ADE /* book.png */; };
		F14531A224CE302A00A07ADE /* lottery.png in Resources */ = {isa = PBXBuildFile; fileRef = F145318024CE302800A07ADE /* lottery.png */; };
		F14531A324CE302A00A07ADE /* pet.png in Resources */ = {isa = PBXBuildFile; fileRef = F145318124CE302800A07ADE /* pet.png */; };
		F14531A424CE302A00A07ADE /* home.png in Resources */ = {isa = PBXBuildFile; fileRef = F145318224CE302800A07ADE /* home.png */; };
		F14531A524CE302A00A07ADE /* child.png in Resources */ = {isa = PBXBuildFile; fileRef = F145318324CE302800A07ADE /* child.png */; };
		F14531A624CE302A00A07ADE /* present.png in Resources */ = {isa = PBXBuildFile; fileRef = F145318424CE302800A07ADE /* present.png */; };
		F14531A724CE302A00A07ADE /* increase.png in Resources */ = {isa = PBXBuildFile; fileRef = F145318524CE302800A07ADE /* increase.png */; };
		F14531A824CE302A00A07ADE /* social.png in Resources */ = {isa = PBXBuildFile; fileRef = F145318624CE302800A07ADE /* social.png */; };
		F14531A924CE302A00A07ADE /* transportation.png in Resources */ = {isa = PBXBuildFile; fileRef = F145318724CE302800A07ADE /* transportation.png */; };
		F14531AA24CE302A00A07ADE /* repair.png in Resources */ = {isa = PBXBuildFile; fileRef = F145318824CE302800A07ADE /* repair.png */; };
		F14531AB24CE302A00A07ADE /* parttime.png in Resources */ = {isa = PBXBuildFile; fileRef = F145318924CE302800A07ADE /* parttime.png */; };
		F14531AC24CE302A00A07ADE /* health.png in Resources */ = {isa = PBXBuildFile; fileRef = F145318A24CE302800A07ADE /* health.png */; };
		F14531AD24CE302A00A07ADE /* salary.png in Resources */ = {isa = PBXBuildFile; fileRef = F145318B24CE302800A07ADE /* salary.png */; };
		F14531AE24CE302A00A07ADE /* elder.png in Resources */ = {isa = PBXBuildFile; fileRef = F145318C24CE302800A07ADE /* elder.png */; };
		F14531AF24CE302A00A07ADE /* accommodation.png in Resources */ = {isa = PBXBuildFile; fileRef = F145318D24CE302800A07ADE /* accommodation.png */; };
		F14531B024CE302A00A07ADE /* clothes.png in Resources */ = {isa = PBXBuildFile; fileRef = F145318E24CE302900A07ADE /* clothes.png */; };
		F14531B124CE302A00A07ADE /* shopping.png in Resources */ = {isa = PBXBuildFile; fileRef = F145318F24CE302900A07ADE /* shopping.png */; };
		F14531B224CE302A00A07ADE /* normal.png in Resources */ = {isa = PBXBuildFile; fileRef = F145319024CE302900A07ADE /* normal.png */; };
		F14531B324CE302A00A07ADE /* study.png in Resources */ = {isa = PBXBuildFile; fileRef = F145319124CE302900A07ADE /* study.png */; };
		F14531B424CE302A00A07ADE /* beauty.png in Resources */ = {isa = PBXBuildFile; fileRef = F145319224CE302900A07ADE /* beauty.png */; };
		F14531B524CE302A00A07ADE /* other.png in Resources */ = {isa = PBXBuildFile; fileRef = F145319324CE302900A07ADE /* other.png */; };
		F14531B624CE302A00A07ADE /* tech.png in Resources */ = {isa = PBXBuildFile; fileRef = F145319424CE302900A07ADE /* tech.png */; };
		F14531B724CE302A00A07ADE /* telecom.png in Resources */ = {isa = PBXBuildFile; fileRef = F145319524CE302900A07ADE /* telecom.png */; };
		F14531B824CE302A00A07ADE /* entertainment.png in Resources */ = {isa = PBXBuildFile; fileRef = F145319624CE302900A07ADE /* entertainment.png */; };
		F14531B924CE302A00A07ADE /* office.png in Resources */ = {isa = PBXBuildFile; fileRef = F145319724CE302900A07ADE /* office.png */; };
		F14531BA24CE302A00A07ADE /* sport.png in Resources */ = {isa = PBXBuildFile; fileRef = F145319824CE302900A07ADE /* sport.png */; };
		F14531BB24CE302A00A07ADE /* redenvelope.png in Resources */ = {isa = PBXBuildFile; fileRef = F145319924CE302900A07ADE /* redenvelope.png */; };
		F14531BC24CE302A00A07ADE /* denate.png in Resources */ = {isa = PBXBuildFile; fileRef = F145319A24CE302900A07ADE /* denate.png */; };
		F14531BD24CE302A00A07ADE /* travel.png in Resources */ = {isa = PBXBuildFile; fileRef = F145319B24CE302900A07ADE /* travel.png */; };
		F14531BE24CE302A00A07ADE /* snack.png in Resources */ = {isa = PBXBuildFile; fileRef = F145319C24CE302A00A07ADE /* snack.png */; };
		F14531BF24CE302A00A07ADE /* car.png in Resources */ = {isa = PBXBuildFile; fileRef = F145319D24CE302A00A07ADE /* car.png */; };
		F14531C024CE302A00A07ADE /* food.png in Resources */ = {isa = PBXBuildFile; fileRef = F145319E24CE302A00A07ADE /* food.png */; };
		F14531C124CE302A00A07ADE /* investment.png in Resources */ = {isa = PBXBuildFile; fileRef = F145319F24CE302A00A07ADE /* investment.png */; };
		F14531C224CE302A00A07ADE /* refund.png in Resources */ = {isa = PBXBuildFile; fileRef = F14531A024CE302A00A07ADE /* refund.png */; };
		F14537DB24B8F2FA0005ED0D /* CategoryItem.swift in Sources */ = {isa = PBXBuildFile; fileRef = F14537DA24B8F2FA0005ED0D /* CategoryItem.swift */; };
		F14537E224B90D6E0005ED0D /* CategoryList.swift in Sources */ = {isa = PBXBuildFile; fileRef = F14537E124B90D6E0005ED0D /* CategoryList.swift */; };
		F152C7CF24BC7B9700600042 /* DateExtension.swift in Sources */ = {isa = PBXBuildFile; fileRef = F152C7CE24BC7B9700600042 /* DateExtension.swift */; };
		F16582C724B5FBEF004E2A7C /* AccountList.swift in Sources */ = {isa = PBXBuildFile; fileRef = F16582C624B5FBEF004E2A7C /* AccountList.swift */; };
		F16582C924B61C75004E2A7C /* EditAccount.swift in Sources */ = {isa = PBXBuildFile; fileRef = F16582C824B61C75004E2A7C /* EditAccount.swift */; };
		F16582CB24B62420004E2A7C /* AccountType.swift in Sources */ = {isa = PBXBuildFile; fileRef = F16582CA24B62420004E2A7C /* AccountType.swift */; };
		F172302524C3B27E0095A955 /* SubcategoryList.swift in Sources */ = {isa = PBXBuildFile; fileRef = F172302424C3B27E0095A955 /* SubcategoryList.swift */; };
		F1BE230524D0D1A4002580D0 /* AmountText.swift in Sources */ = {isa = PBXBuildFile; fileRef = F1BE230424D0D1A4002580D0 /* AmountText.swift */; };
		F1BE230724D0D269002580D0 /* DescriptionText.swift in Sources */ = {isa = PBXBuildFile; fileRef = F1BE230624D0D269002580D0 /* DescriptionText.swift */; };
/* End PBXBuildFile section */

/* Begin PBXContainerItemProxy section */
		F133085624B32DFF0080B5C2 /* PBXContainerItemProxy */ = {
			isa = PBXContainerItemProxy;
			containerPortal = F133083424B32DFE0080B5C2 /* Project object */;
			proxyType = 1;
			remoteGlobalIDString = F133083B24B32DFE0080B5C2;
			remoteInfo = CloudBookkeeping;
		};
		F133086124B32DFF0080B5C2 /* PBXContainerItemProxy */ = {
			isa = PBXContainerItemProxy;
			containerPortal = F133083424B32DFE0080B5C2 /* Project object */;
			proxyType = 1;
			remoteGlobalIDString = F133083B24B32DFE0080B5C2;
			remoteInfo = CloudBookkeeping;
		};
/* End PBXContainerItemProxy section */

/* Begin PBXFileReference section */
		F106BEA824E34B8300EDE52B /* CategorySetting.swift */ = {isa = PBXFileReference; lastKnownFileType = sourcecode.swift; path = CategorySetting.swift; sourceTree = "<group>"; };
		F106BEAA24E34D1900EDE52B /* CategoryItemSetting.swift */ = {isa = PBXFileReference; lastKnownFileType = sourcecode.swift; path = CategoryItemSetting.swift; sourceTree = "<group>"; };
		F114FCD524B4823800F3ACF5 /* Account.swift */ = {isa = PBXFileReference; lastKnownFileType = sourcecode.swift; path = Account.swift; sourceTree = "<group>"; };
		F114FCD724B483E600F3ACF5 /* Category.swift */ = {isa = PBXFileReference; lastKnownFileType = sourcecode.swift; path = Category.swift; sourceTree = "<group>"; };
		F114FCD924B4940600F3ACF5 /* HomePage.swift */ = {isa = PBXFileReference; lastKnownFileType = sourcecode.swift; path = HomePage.swift; sourceTree = "<group>"; };
		F114FCDC24B4E82400F3ACF5 /* AccountData.swift */ = {isa = PBXFileReference; lastKnownFileType = sourcecode.swift; path = AccountData.swift; sourceTree = "<group>"; };
		F114FCDE24B4F46100F3ACF5 /* Currency.swift */ = {isa = PBXFileReference; lastKnownFileType = sourcecode.swift; path = Currency.swift; sourceTree = "<group>"; };
		F114FCE124B5010600F3ACF5 /* CollectionExtension.swift */ = {isa = PBXFileReference; lastKnownFileType = sourcecode.swift; path = CollectionExtension.swift; sourceTree = "<group>"; };
		F128814924DC3B260025F2BF /* SettingPage.swift */ = {isa = PBXFileReference; lastKnownFileType = sourcecode.swift; path = SettingPage.swift; sourceTree = "<group>"; };
		F128814D24DC49A60025F2BF /* UserProfile.swift */ = {isa = PBXFileReference; lastKnownFileType = sourcecode.swift; path = UserProfile.swift; sourceTree = "<group>"; };
		F133083C24B32DFE0080B5C2 /* CloudBookKeeping.app */ = {isa = PBXFileReference; explicitFileType = wrapper.application; includeInIndex = 0; path = CloudBookKeeping.app; sourceTree = BUILT_PRODUCTS_DIR; };
		F133083F24B32DFE0080B5C2 /* AppDelegate.swift */ = {isa = PBXFileReference; lastKnownFileType = sourcecode.swift; path = AppDelegate.swift; sourceTree = "<group>"; };
		F133084124B32DFE0080B5C2 /* SceneDelegate.swift */ = {isa = PBXFileReference; lastKnownFileType = sourcecode.swift; path = SceneDelegate.swift; sourceTree = "<group>"; };
		F133084424B32DFE0080B5C2 /* CloudBookkeeping.xcdatamodel */ = {isa = PBXFileReference; lastKnownFileType = wrapper.xcdatamodel; path = CloudBookkeeping.xcdatamodel; sourceTree = "<group>"; };
		F133084624B32DFE0080B5C2 /* ContentView.swift */ = {isa = PBXFileReference; lastKnownFileType = sourcecode.swift; path = ContentView.swift; sourceTree = "<group>"; };
		F133084824B32DFF0080B5C2 /* Assets.xcassets */ = {isa = PBXFileReference; lastKnownFileType = folder.assetcatalog; path = Assets.xcassets; sourceTree = "<group>"; };
		F133084B24B32DFF0080B5C2 /* Preview Assets.xcassets */ = {isa = PBXFileReference; lastKnownFileType = folder.assetcatalog; path = "Preview Assets.xcassets"; sourceTree = "<group>"; };
		F133084E24B32DFF0080B5C2 /* Base */ = {isa = PBXFileReference; lastKnownFileType = file.storyboard; name = Base; path = Base.lproj/LaunchScreen.storyboard; sourceTree = "<group>"; };
		F133085024B32DFF0080B5C2 /* Info.plist */ = {isa = PBXFileReference; lastKnownFileType = text.plist.xml; path = Info.plist; sourceTree = "<group>"; };
		F133085524B32DFF0080B5C2 /* CloudBookKeepingTests.xctest */ = {isa = PBXFileReference; explicitFileType = wrapper.cfbundle; includeInIndex = 0; path = CloudBookKeepingTests.xctest; sourceTree = BUILT_PRODUCTS_DIR; };
		F133085924B32DFF0080B5C2 /* CloudBookkeepingTests.swift */ = {isa = PBXFileReference; lastKnownFileType = sourcecode.swift; path = CloudBookkeepingTests.swift; sourceTree = "<group>"; };
		F133085B24B32DFF0080B5C2 /* Info.plist */ = {isa = PBXFileReference; lastKnownFileType = text.plist.xml; path = Info.plist; sourceTree = "<group>"; };
		F133086024B32DFF0080B5C2 /* CloudBookKeepingUITests.xctest */ = {isa = PBXFileReference; explicitFileType = wrapper.cfbundle; includeInIndex = 0; path = CloudBookKeepingUITests.xctest; sourceTree = BUILT_PRODUCTS_DIR; };
		F133086424B32DFF0080B5C2 /* CloudBookkeepingUITests.swift */ = {isa = PBXFileReference; lastKnownFileType = sourcecode.swift; path = CloudBookkeepingUITests.swift; sourceTree = "<group>"; };
		F133086624B32DFF0080B5C2 /* Info.plist */ = {isa = PBXFileReference; lastKnownFileType = text.plist.xml; path = Info.plist; sourceTree = "<group>"; };
		F133087224B32F340080B5C2 /* CloudBookkeeping.entitlements */ = {isa = PBXFileReference; lastKnownFileType = text.plist.entitlements; path = CloudBookkeeping.entitlements; sourceTree = "<group>"; };
		F13C3DBF24CE4A9A00A67721 /* StringExtension.swift */ = {isa = PBXFileReference; lastKnownFileType = sourcecode.swift; path = StringExtension.swift; sourceTree = "<group>"; };
		F145317824CDEE4A00A07ADE /* URLExtension.swift */ = {isa = PBXFileReference; lastKnownFileType = sourcecode.swift; path = URLExtension.swift; sourceTree = "<group>"; };
		F145317F24CE302800A07ADE /* book.png */ = {isa = PBXFileReference; lastKnownFileType = image.png; path = book.png; sourceTree = "<group>"; };
		F145318024CE302800A07ADE /* lottery.png */ = {isa = PBXFileReference; lastKnownFileType = image.png; path = lottery.png; sourceTree = "<group>"; };
		F145318124CE302800A07ADE /* pet.png */ = {isa = PBXFileReference; lastKnownFileType = image.png; path = pet.png; sourceTree = "<group>"; };
		F145318224CE302800A07ADE /* home.png */ = {isa = PBXFileReference; lastKnownFileType = image.png; path = home.png; sourceTree = "<group>"; };
		F145318324CE302800A07ADE /* child.png */ = {isa = PBXFileReference; lastKnownFileType = image.png; path = child.png; sourceTree = "<group>"; };
		F145318424CE302800A07ADE /* present.png */ = {isa = PBXFileReference; lastKnownFileType = image.png; path = present.png; sourceTree = "<group>"; };
		F145318524CE302800A07ADE /* increase.png */ = {isa = PBXFileReference; lastKnownFileType = image.png; path = increase.png; sourceTree = "<group>"; };
		F145318624CE302800A07ADE /* social.png */ = {isa = PBXFileReference; lastKnownFileType = image.png; path = social.png; sourceTree = "<group>"; };
		F145318724CE302800A07ADE /* transportation.png */ = {isa = PBXFileReference; lastKnownFileType = image.png; path = transportation.png; sourceTree = "<group>"; };
		F145318824CE302800A07ADE /* repair.png */ = {isa = PBXFileReference; lastKnownFileType = image.png; path = repair.png; sourceTree = "<group>"; };
		F145318924CE302800A07ADE /* parttime.png */ = {isa = PBXFileReference; lastKnownFileType = image.png; path = parttime.png; sourceTree = "<group>"; };
		F145318A24CE302800A07ADE /* health.png */ = {isa = PBXFileReference; lastKnownFileType = image.png; path = health.png; sourceTree = "<group>"; };
		F145318B24CE302800A07ADE /* salary.png */ = {isa = PBXFileReference; lastKnownFileType = image.png; path = salary.png; sourceTree = "<group>"; };
		F145318C24CE302800A07ADE /* elder.png */ = {isa = PBXFileReference; lastKnownFileType = image.png; path = elder.png; sourceTree = "<group>"; };
		F145318D24CE302800A07ADE /* accommodation.png */ = {isa = PBXFileReference; lastKnownFileType = image.png; path = accommodation.png; sourceTree = "<group>"; };
		F145318E24CE302900A07ADE /* clothes.png */ = {isa = PBXFileReference; lastKnownFileType = image.png; path = clothes.png; sourceTree = "<group>"; };
		F145318F24CE302900A07ADE /* shopping.png */ = {isa = PBXFileReference; lastKnownFileType = image.png; path = shopping.png; sourceTree = "<group>"; };
		F145319024CE302900A07ADE /* normal.png */ = {isa = PBXFileReference; lastKnownFileType = image.png; path = normal.png; sourceTree = "<group>"; };
		F145319124CE302900A07ADE /* study.png */ = {isa = PBXFileReference; lastKnownFileType = image.png; path = study.png; sourceTree = "<group>"; };
		F145319224CE302900A07ADE /* beauty.png */ = {isa = PBXFileReference; lastKnownFileType = image.png; path = beauty.png; sourceTree = "<group>"; };
		F145319324CE302900A07ADE /* other.png */ = {isa = PBXFileReference; lastKnownFileType = image.png; path = other.png; sourceTree = "<group>"; };
		F145319424CE302900A07ADE /* tech.png */ = {isa = PBXFileReference; lastKnownFileType = image.png; path = tech.png; sourceTree = "<group>"; };
		F145319524CE302900A07ADE /* telecom.png */ = {isa = PBXFileReference; lastKnownFileType = image.png; path = telecom.png; sourceTree = "<group>"; };
		F145319624CE302900A07ADE /* entertainment.png */ = {isa = PBXFileReference; lastKnownFileType = image.png; path = entertainment.png; sourceTree = "<group>"; };
		F145319724CE302900A07ADE /* office.png */ = {isa = PBXFileReference; lastKnownFileType = image.png; path = office.png; sourceTree = "<group>"; };
		F145319824CE302900A07ADE /* sport.png */ = {isa = PBXFileReference; lastKnownFileType = image.png; path = sport.png; sourceTree = "<group>"; };
		F145319924CE302900A07ADE /* redenvelope.png */ = {isa = PBXFileReference; lastKnownFileType = image.png; path = redenvelope.png; sourceTree = "<group>"; };
		F145319A24CE302900A07ADE /* denate.png */ = {isa = PBXFileReference; lastKnownFileType = image.png; path = denate.png; sourceTree = "<group>"; };
		F145319B24CE302900A07ADE /* travel.png */ = {isa = PBXFileReference; lastKnownFileType = image.png; path = travel.png; sourceTree = "<group>"; };
		F145319C24CE302A00A07ADE /* snack.png */ = {isa = PBXFileReference; lastKnownFileType = image.png; path = snack.png; sourceTree = "<group>"; };
		F145319D24CE302A00A07ADE /* car.png */ = {isa = PBXFileReference; lastKnownFileType = image.png; path = car.png; sourceTree = "<group>"; };
		F145319E24CE302A00A07ADE /* food.png */ = {isa = PBXFileReference; lastKnownFileType = image.png; path = food.png; sourceTree = "<group>"; };
		F145319F24CE302A00A07ADE /* investment.png */ = {isa = PBXFileReference; lastKnownFileType = image.png; path = investment.png; sourceTree = "<group>"; };
		F14531A024CE302A00A07ADE /* refund.png */ = {isa = PBXFileReference; lastKnownFileType = image.png; path = refund.png; sourceTree = "<group>"; };
		F14537DA24B8F2FA0005ED0D /* CategoryItem.swift */ = {isa = PBXFileReference; lastKnownFileType = sourcecode.swift; path = CategoryItem.swift; sourceTree = "<group>"; };
		F14537E124B90D6E0005ED0D /* CategoryList.swift */ = {isa = PBXFileReference; lastKnownFileType = sourcecode.swift; path = CategoryList.swift; sourceTree = "<group>"; };
		F152C7CE24BC7B9700600042 /* DateExtension.swift */ = {isa = PBXFileReference; lastKnownFileType = sourcecode.swift; path = DateExtension.swift; sourceTree = "<group>"; };
		F16582C624B5FBEF004E2A7C /* AccountList.swift */ = {isa = PBXFileReference; lastKnownFileType = sourcecode.swift; path = AccountList.swift; sourceTree = "<group>"; };
		F16582C824B61C75004E2A7C /* EditAccount.swift */ = {isa = PBXFileReference; lastKnownFileType = sourcecode.swift; path = EditAccount.swift; sourceTree = "<group>"; };
		F16582CA24B62420004E2A7C /* AccountType.swift */ = {isa = PBXFileReference; lastKnownFileType = sourcecode.swift; path = AccountType.swift; sourceTree = "<group>"; };
		F172302424C3B27E0095A955 /* SubcategoryList.swift */ = {isa = PBXFileReference; lastKnownFileType = sourcecode.swift; path = SubcategoryList.swift; sourceTree = "<group>"; };
		F1BE230424D0D1A4002580D0 /* AmountText.swift */ = {isa = PBXFileReference; lastKnownFileType = sourcecode.swift; path = AmountText.swift; sourceTree = "<group>"; };
		F1BE230624D0D269002580D0 /* DescriptionText.swift */ = {isa = PBXFileReference; lastKnownFileType = sourcecode.swift; path = DescriptionText.swift; sourceTree = "<group>"; };
/* End PBXFileReference section */

/* Begin PBXFrameworksBuildPhase section */
		F133083924B32DFE0080B5C2 /* Frameworks */ = {
			isa = PBXFrameworksBuildPhase;
			buildActionMask = 2147483647;
			files = (
			);
			runOnlyForDeploymentPostprocessing = 0;
		};
		F133085224B32DFF0080B5C2 /* Frameworks */ = {
			isa = PBXFrameworksBuildPhase;
			buildActionMask = 2147483647;
			files = (
			);
			runOnlyForDeploymentPostprocessing = 0;
		};
		F133085D24B32DFF0080B5C2 /* Frameworks */ = {
			isa = PBXFrameworksBuildPhase;
			buildActionMask = 2147483647;
			files = (
			);
			runOnlyForDeploymentPostprocessing = 0;
		};
/* End PBXFrameworksBuildPhase section */

/* Begin PBXGroup section */
		F114FCD124B47FC500F3ACF5 /* View */ = {
			isa = PBXGroup;
			children = (
				F114FCD424B480D800F3ACF5 /* Pages */,
				F114FCD324B4808C00F3ACF5 /* Components */,
			);
			path = View;
			sourceTree = "<group>";
		};
		F114FCD224B4808100F3ACF5 /* Model */ = {
			isa = PBXGroup;
			children = (
				F114FCDB24B4E77400F3ACF5 /* Template */,
				F114FCDC24B4E82400F3ACF5 /* AccountData.swift */,
			);
			path = Model;
			sourceTree = "<group>";
		};
		F114FCD324B4808C00F3ACF5 /* Components */ = {
			isa = PBXGroup;
			children = (
				F163D24524D0B97A0007CFEE /* AccountSetting */,
				F16582C624B5FBEF004E2A7C /* AccountList.swift */,
			);
			path = Components;
			sourceTree = "<group>";
		};
		F114FCD424B480D800F3ACF5 /* Pages */ = {
			isa = PBXGroup;
			children = (
				F114FCD924B4940600F3ACF5 /* HomePage.swift */,
				F16582C824B61C75004E2A7C /* EditAccount.swift */,
				F128814924DC3B260025F2BF /* SettingPage.swift */,
				F106BEA824E34B8300EDE52B /* CategorySetting.swift */,
			);
			path = Pages;
			sourceTree = "<group>";
		};
		F114FCDB24B4E77400F3ACF5 /* Template */ = {
			isa = PBXGroup;
			children = (
				F114FCD524B4823800F3ACF5 /* Account.swift */,
				F114FCD724B483E600F3ACF5 /* Category.swift */,
				F114FCDE24B4F46100F3ACF5 /* Currency.swift */,
				F16582CA24B62420004E2A7C /* AccountType.swift */,
				F128814D24DC49A60025F2BF /* UserProfile.swift */,
				F106BEAA24E34D1900EDE52B /* CategoryItemSetting.swift */,
			);
			path = Template;
			sourceTree = "<group>";
		};
		F114FCE024B500EC00F3ACF5 /* Extension */ = {
			isa = PBXGroup;
			children = (
				F114FCE124B5010600F3ACF5 /* CollectionExtension.swift */,
				F152C7CE24BC7B9700600042 /* DateExtension.swift */,
				F145317824CDEE4A00A07ADE /* URLExtension.swift */,
				F13C3DBF24CE4A9A00A67721 /* StringExtension.swift */,
			);
			path = Extension;
			sourceTree = "<group>";
		};
		F133083324B32DFE0080B5C2 = {
			isa = PBXGroup;
			children = (
				F133083E24B32DFE0080B5C2 /* CloudBookkeeping */,
				F133085824B32DFF0080B5C2 /* CloudBookkeepingTests */,
				F133086324B32DFF0080B5C2 /* CloudBookkeepingUITests */,
				F133083D24B32DFE0080B5C2 /* Products */,
			);
			sourceTree = "<group>";
		};
		F133083D24B32DFE0080B5C2 /* Products */ = {
			isa = PBXGroup;
			children = (
				F133083C24B32DFE0080B5C2 /* CloudBookKeeping.app */,
				F133085524B32DFF0080B5C2 /* CloudBookKeepingTests.xctest */,
				F133086024B32DFF0080B5C2 /* CloudBookKeepingUITests.xctest */,
			);
			name = Products;
			sourceTree = "<group>";
		};
		F133083E24B32DFE0080B5C2 /* CloudBookkeeping */ = {
			isa = PBXGroup;
			children = (
				F145317D24CE300000A07ADE /* Source */,
				F114FCE024B500EC00F3ACF5 /* Extension */,
				F114FCD224B4808100F3ACF5 /* Model */,
				F114FCD124B47FC500F3ACF5 /* View */,
				F133087224B32F340080B5C2 /* CloudBookkeeping.entitlements */,
				F133084624B32DFE0080B5C2 /* ContentView.swift */,
				F133084124B32DFE0080B5C2 /* SceneDelegate.swift */,
				F133083F24B32DFE0080B5C2 /* AppDelegate.swift */,
				F133084824B32DFF0080B5C2 /* Assets.xcassets */,
				F133084D24B32DFF0080B5C2 /* LaunchScreen.storyboard */,
				F133085024B32DFF0080B5C2 /* Info.plist */,
				F133084324B32DFE0080B5C2 /* CloudBookkeeping.xcdatamodeld */,
				F133084A24B32DFF0080B5C2 /* Preview Content */,
			);
			path = CloudBookkeeping;
			sourceTree = "<group>";
		};
		F133084A24B32DFF0080B5C2 /* Preview Content */ = {
			isa = PBXGroup;
			children = (
				F133084B24B32DFF0080B5C2 /* Preview Assets.xcassets */,
			);
			path = "Preview Content";
			sourceTree = "<group>";
		};
		F133085824B32DFF0080B5C2 /* CloudBookkeepingTests */ = {
			isa = PBXGroup;
			children = (
				F133085924B32DFF0080B5C2 /* CloudBookkeepingTests.swift */,
				F133085B24B32DFF0080B5C2 /* Info.plist */,
			);
			path = CloudBookkeepingTests;
			sourceTree = "<group>";
		};
		F133086324B32DFF0080B5C2 /* CloudBookkeepingUITests */ = {
			isa = PBXGroup;
			children = (
				F133086424B32DFF0080B5C2 /* CloudBookkeepingUITests.swift */,
				F133086624B32DFF0080B5C2 /* Info.plist */,
			);
			path = CloudBookkeepingUITests;
			sourceTree = "<group>";
		};
		F145317D24CE300000A07ADE /* Source */ = {
			isa = PBXGroup;
			children = (
				F145317E24CE300600A07ADE /* CategoryIcon */,
			);
			path = Source;
			sourceTree = "<group>";
		};
		F145317E24CE300600A07ADE /* CategoryIcon */ = {
			isa = PBXGroup;
			children = (
				F145318D24CE302800A07ADE /* accommodation.png */,
				F145319224CE302900A07ADE /* beauty.png */,
				F145317F24CE302800A07ADE /* book.png */,
				F145319D24CE302A00A07ADE /* car.png */,
				F145318324CE302800A07ADE /* child.png */,
				F145318E24CE302900A07ADE /* clothes.png */,
				F145319A24CE302900A07ADE /* denate.png */,
				F145318C24CE302800A07ADE /* elder.png */,
				F145319624CE302900A07ADE /* entertainment.png */,
				F145319E24CE302A00A07ADE /* food.png */,
				F145318A24CE302800A07ADE /* health.png */,
				F145318224CE302800A07ADE /* home.png */,
				F145318524CE302800A07ADE /* increase.png */,
				F145319F24CE302A00A07ADE /* investment.png */,
				F145318024CE302800A07ADE /* lottery.png */,
				F145319024CE302900A07ADE /* normal.png */,
				F145319724CE302900A07ADE /* office.png */,
				F145319324CE302900A07ADE /* other.png */,
				F145318924CE302800A07ADE /* parttime.png */,
				F145318124CE302800A07ADE /* pet.png */,
				F145318424CE302800A07ADE /* present.png */,
				F145319924CE302900A07ADE /* redenvelope.png */,
				F14531A024CE302A00A07ADE /* refund.png */,
				F145318824CE302800A07ADE /* repair.png */,
				F145318B24CE302800A07ADE /* salary.png */,
				F145318F24CE302900A07ADE /* shopping.png */,
				F145319C24CE302A00A07ADE /* snack.png */,
				F145318624CE302800A07ADE /* social.png */,
				F145319824CE302900A07ADE /* sport.png */,
				F145319124CE302900A07ADE /* study.png */,
				F145319424CE302900A07ADE /* tech.png */,
				F145319524CE302900A07ADE /* telecom.png */,
				F145318724CE302800A07ADE /* transportation.png */,
				F145319B24CE302900A07ADE /* travel.png */,
			);
			path = CategoryIcon;
			sourceTree = "<group>";
		};
		F163D24524D0B97A0007CFEE /* AccountSetting */ = {
			isa = PBXGroup;
			children = (
				F14537E124B90D6E0005ED0D /* CategoryList.swift */,
				F14537DA24B8F2FA0005ED0D /* CategoryItem.swift */,
				F172302424C3B27E0095A955 /* SubcategoryList.swift */,
				F1BE230424D0D1A4002580D0 /* AmountText.swift */,
				F1BE230624D0D269002580D0 /* DescriptionText.swift */,
			);
			path = AccountSetting;
			sourceTree = "<group>";
		};
/* End PBXGroup section */

/* Begin PBXNativeTarget section */
		F133083B24B32DFE0080B5C2 /* CloudBookKeeping */ = {
			isa = PBXNativeTarget;
			buildConfigurationList = F133086924B32DFF0080B5C2 /* Build configuration list for PBXNativeTarget "CloudBookKeeping" */;
			buildPhases = (
				F133083824B32DFE0080B5C2 /* Sources */,
				F133083924B32DFE0080B5C2 /* Frameworks */,
				F133083A24B32DFE0080B5C2 /* Resources */,
			);
			buildRules = (
			);
			dependencies = (
			);
			name = CloudBookKeeping;
			productName = CloudBookkeeping;
			productReference = F133083C24B32DFE0080B5C2 /* CloudBookKeeping.app */;
			productType = "com.apple.product-type.application";
		};
		F133085424B32DFF0080B5C2 /* CloudBookKeepingTests */ = {
			isa = PBXNativeTarget;
			buildConfigurationList = F133086C24B32DFF0080B5C2 /* Build configuration list for PBXNativeTarget "CloudBookKeepingTests" */;
			buildPhases = (
				F133085124B32DFF0080B5C2 /* Sources */,
				F133085224B32DFF0080B5C2 /* Frameworks */,
				F133085324B32DFF0080B5C2 /* Resources */,
			);
			buildRules = (
			);
			dependencies = (
				F133085724B32DFF0080B5C2 /* PBXTargetDependency */,
			);
			name = CloudBookKeepingTests;
			productName = CloudBookkeepingTests;
			productReference = F133085524B32DFF0080B5C2 /* CloudBookKeepingTests.xctest */;
			productType = "com.apple.product-type.bundle.unit-test";
		};
		F133085F24B32DFF0080B5C2 /* CloudBookKeepingUITests */ = {
			isa = PBXNativeTarget;
			buildConfigurationList = F133086F24B32DFF0080B5C2 /* Build configuration list for PBXNativeTarget "CloudBookKeepingUITests" */;
			buildPhases = (
				F133085C24B32DFF0080B5C2 /* Sources */,
				F133085D24B32DFF0080B5C2 /* Frameworks */,
				F133085E24B32DFF0080B5C2 /* Resources */,
			);
			buildRules = (
			);
			dependencies = (
				F133086224B32DFF0080B5C2 /* PBXTargetDependency */,
			);
			name = CloudBookKeepingUITests;
			productName = CloudBookkeepingUITests;
			productReference = F133086024B32DFF0080B5C2 /* CloudBookKeepingUITests.xctest */;
			productType = "com.apple.product-type.bundle.ui-testing";
		};
/* End PBXNativeTarget section */

/* Begin PBXProject section */
		F133083424B32DFE0080B5C2 /* Project object */ = {
			isa = PBXProject;
			attributes = {
				LastSwiftUpdateCheck = 1150;
				LastUpgradeCheck = 1150;
				ORGANIZATIONNAME = Suica;
				TargetAttributes = {
					F133083B24B32DFE0080B5C2 = {
						CreatedOnToolsVersion = 11.5;
					};
					F133085424B32DFF0080B5C2 = {
						CreatedOnToolsVersion = 11.5;
						TestTargetID = F133083B24B32DFE0080B5C2;
					};
					F133085F24B32DFF0080B5C2 = {
						CreatedOnToolsVersion = 11.5;
						TestTargetID = F133083B24B32DFE0080B5C2;
					};
				};
			};
			buildConfigurationList = F133083724B32DFE0080B5C2 /* Build configuration list for PBXProject "CloudBookKeeping" */;
			compatibilityVersion = "Xcode 9.3";
			developmentRegion = en;
			hasScannedForEncodings = 0;
			knownRegions = (
				en,
				Base,
			);
			mainGroup = F133083324B32DFE0080B5C2;
			productRefGroup = F133083D24B32DFE0080B5C2 /* Products */;
			projectDirPath = "";
			projectRoot = "";
			targets = (
				F133083B24B32DFE0080B5C2 /* CloudBookKeeping */,
				F133085424B32DFF0080B5C2 /* CloudBookKeepingTests */,
				F133085F24B32DFF0080B5C2 /* CloudBookKeepingUITests */,
			);
		};
/* End PBXProject section */

/* Begin PBXResourcesBuildPhase section */
		F133083A24B32DFE0080B5C2 /* Resources */ = {
			isa = PBXResourcesBuildPhase;
			buildActionMask = 2147483647;
			files = (
				F14531BF24CE302A00A07ADE /* car.png in Resources */,
				F14531B224CE302A00A07ADE /* normal.png in Resources */,
				F14531AF24CE302A00A07ADE /* accommodation.png in Resources */,
				F14531A624CE302A00A07ADE /* present.png in Resources */,
				F14531A524CE302A00A07ADE /* child.png in Resources */,
				F14531B124CE302A00A07ADE /* shopping.png in Resources */,
				F14531C124CE302A00A07ADE /* investment.png in Resources */,
				F14531B924CE302A00A07ADE /* office.png in Resources */,
				F14531B724CE302A00A07ADE /* telecom.png in Resources */,
				F14531BE24CE302A00A07ADE /* snack.png in Resources */,
				F133084F24B32DFF0080B5C2 /* LaunchScreen.storyboard in Resources */,
				F14531B624CE302A00A07ADE /* tech.png in Resources */,
				F14531C024CE302A00A07ADE /* food.png in Resources */,
				F14531AB24CE302A00A07ADE /* parttime.png in Resources */,
				F14531BA24CE302A00A07ADE /* sport.png in Resources */,
				F14531BD24CE302A00A07ADE /* travel.png in Resources */,
				F14531A224CE302A00A07ADE /* lottery.png in Resources */,
				F14531C224CE302A00A07ADE /* refund.png in Resources */,
				F14531A824CE302A00A07ADE /* social.png in Resources */,
				F14531B324CE302A00A07ADE /* study.png in Resources */,
				F14531A424CE302A00A07ADE /* home.png in Resources */,
				F133084C24B32DFF0080B5C2 /* Preview Assets.xcassets in Resources */,
				F14531B824CE302A00A07ADE /* entertainment.png in Resources */,
				F14531B024CE302A00A07ADE /* clothes.png in Resources */,
				F14531BC24CE302A00A07ADE /* denate.png in Resources */,
				F14531A324CE302A00A07ADE /* pet.png in Resources */,
				F14531AD24CE302A00A07ADE /* salary.png in Resources */,
				F14531A724CE302A00A07ADE /* increase.png in Resources */,
				F14531BB24CE302A00A07ADE /* redenvelope.png in Resources */,
				F14531AA24CE302A00A07ADE /* repair.png in Resources */,
				F14531A924CE302A00A07ADE /* transportation.png in Resources */,
				F14531AE24CE302A00A07ADE /* elder.png in Resources */,
				F14531A124CE302A00A07ADE /* book.png in Resources */,
				F14531AC24CE302A00A07ADE /* health.png in Resources */,
				F133084924B32DFF0080B5C2 /* Assets.xcassets in Resources */,
				F14531B524CE302A00A07ADE /* other.png in Resources */,
				F14531B424CE302A00A07ADE /* beauty.png in Resources */,
			);
			runOnlyForDeploymentPostprocessing = 0;
		};
		F133085324B32DFF0080B5C2 /* Resources */ = {
			isa = PBXResourcesBuildPhase;
			buildActionMask = 2147483647;
			files = (
			);
			runOnlyForDeploymentPostprocessing = 0;
		};
		F133085E24B32DFF0080B5C2 /* Resources */ = {
			isa = PBXResourcesBuildPhase;
			buildActionMask = 2147483647;
			files = (
			);
			runOnlyForDeploymentPostprocessing = 0;
		};
/* End PBXResourcesBuildPhase section */

/* Begin PBXSourcesBuildPhase section */
		F133083824B32DFE0080B5C2 /* Sources */ = {
			isa = PBXSourcesBuildPhase;
			buildActionMask = 2147483647;
			files = (
				F1BE230524D0D1A4002580D0 /* AmountText.swift in Sources */,
				F114FCDF24B4F46100F3ACF5 /* Currency.swift in Sources */,
				F114FCD624B4823800F3ACF5 /* Account.swift in Sources */,
				F106BEAB24E34D1900EDE52B /* CategoryItemSetting.swift in Sources */,
				F14537E224B90D6E0005ED0D /* CategoryList.swift in Sources */,
				F133084524B32DFE0080B5C2 /* CloudBookkeeping.xcdatamodeld in Sources */,
				F16582CB24B62420004E2A7C /* AccountType.swift in Sources */,
				F145317924CDEE4A00A07ADE /* URLExtension.swift in Sources */,
				F133084024B32DFE0080B5C2 /* AppDelegate.swift in Sources */,
				F1BE230724D0D269002580D0 /* DescriptionText.swift in Sources */,
				F172302524C3B27E0095A955 /* SubcategoryList.swift in Sources */,
				F114FCDD24B4E82400F3ACF5 /* AccountData.swift in Sources */,
				F16582C724B5FBEF004E2A7C /* AccountList.swift in Sources */,
				F128814E24DC49A60025F2BF /* UserProfile.swift in Sources */,
				F114FCE224B5010600F3ACF5 /* CollectionExtension.swift in Sources */,
				F152C7CF24BC7B9700600042 /* DateExtension.swift in Sources */,
				F133084724B32DFE0080B5C2 /* ContentView.swift in Sources */,
				F133084224B32DFE0080B5C2 /* SceneDelegate.swift in Sources */,
				F14537DB24B8F2FA0005ED0D /* CategoryItem.swift in Sources */,
				F16582C924B61C75004E2A7C /* EditAccount.swift in Sources */,
				F13C3DC024CE4A9A00A67721 /* StringExtension.swift in Sources */,
				F106BEA924E34B8300EDE52B /* CategorySetting.swift in Sources */,
				F128814A24DC3B260025F2BF /* SettingPage.swift in Sources */,
				F114FCDA24B4940600F3ACF5 /* HomePage.swift in Sources */,
				F114FCD824B483E600F3ACF5 /* Category.swift in Sources */,
			);
			runOnlyForDeploymentPostprocessing = 0;
		};
		F133085124B32DFF0080B5C2 /* Sources */ = {
			isa = PBXSourcesBuildPhase;
			buildActionMask = 2147483647;
			files = (
				F133085A24B32DFF0080B5C2 /* CloudBookkeepingTests.swift in Sources */,
			);
			runOnlyForDeploymentPostprocessing = 0;
		};
		F133085C24B32DFF0080B5C2 /* Sources */ = {
			isa = PBXSourcesBuildPhase;
			buildActionMask = 2147483647;
			files = (
				F133086524B32DFF0080B5C2 /* CloudBookkeepingUITests.swift in Sources */,
			);
			runOnlyForDeploymentPostprocessing = 0;
		};
/* End PBXSourcesBuildPhase section */

/* Begin PBXTargetDependency section */
		F133085724B32DFF0080B5C2 /* PBXTargetDependency */ = {
			isa = PBXTargetDependency;
			target = F133083B24B32DFE0080B5C2 /* CloudBookKeeping */;
			targetProxy = F133085624B32DFF0080B5C2 /* PBXContainerItemProxy */;
		};
		F133086224B32DFF0080B5C2 /* PBXTargetDependency */ = {
			isa = PBXTargetDependency;
			target = F133083B24B32DFE0080B5C2 /* CloudBookKeeping */;
			targetProxy = F133086124B32DFF0080B5C2 /* PBXContainerItemProxy */;
		};
/* End PBXTargetDependency section */

/* Begin PBXVariantGroup section */
		F133084D24B32DFF0080B5C2 /* LaunchScreen.storyboard */ = {
			isa = PBXVariantGroup;
			children = (
				F133084E24B32DFF0080B5C2 /* Base */,
			);
			name = LaunchScreen.storyboard;
			sourceTree = "<group>";
		};
/* End PBXVariantGroup section */

/* Begin XCBuildConfiguration section */
		F133086724B32DFF0080B5C2 /* Debug */ = {
			isa = XCBuildConfiguration;
			buildSettings = {
				ALWAYS_SEARCH_USER_PATHS = NO;
				CLANG_ANALYZER_NONNULL = YES;
				CLANG_ANALYZER_NUMBER_OBJECT_CONVERSION = YES_AGGRESSIVE;
				CLANG_CXX_LANGUAGE_STANDARD = "gnu++14";
				CLANG_CXX_LIBRARY = "libc++";
				CLANG_ENABLE_MODULES = YES;
				CLANG_ENABLE_OBJC_ARC = YES;
				CLANG_ENABLE_OBJC_WEAK = YES;
				CLANG_WARN_BLOCK_CAPTURE_AUTORELEASING = YES;
				CLANG_WARN_BOOL_CONVERSION = YES;
				CLANG_WARN_COMMA = YES;
				CLANG_WARN_CONSTANT_CONVERSION = YES;
				CLANG_WARN_DEPRECATED_OBJC_IMPLEMENTATIONS = YES;
				CLANG_WARN_DIRECT_OBJC_ISA_USAGE = YES_ERROR;
				CLANG_WARN_DOCUMENTATION_COMMENTS = YES;
				CLANG_WARN_EMPTY_BODY = YES;
				CLANG_WARN_ENUM_CONVERSION = YES;
				CLANG_WARN_INFINITE_RECURSION = YES;
				CLANG_WARN_INT_CONVERSION = YES;
				CLANG_WARN_NON_LITERAL_NULL_CONVERSION = YES;
				CLANG_WARN_OBJC_IMPLICIT_RETAIN_SELF = YES;
				CLANG_WARN_OBJC_LITERAL_CONVERSION = YES;
				CLANG_WARN_OBJC_ROOT_CLASS = YES_ERROR;
				CLANG_WARN_RANGE_LOOP_ANALYSIS = YES;
				CLANG_WARN_STRICT_PROTOTYPES = YES;
				CLANG_WARN_SUSPICIOUS_MOVE = YES;
				CLANG_WARN_UNGUARDED_AVAILABILITY = YES_AGGRESSIVE;
				CLANG_WARN_UNREACHABLE_CODE = YES;
				CLANG_WARN__DUPLICATE_METHOD_MATCH = YES;
				COPY_PHASE_STRIP = NO;
				DEBUG_INFORMATION_FORMAT = dwarf;
				ENABLE_STRICT_OBJC_MSGSEND = YES;
				ENABLE_TESTABILITY = YES;
				GCC_C_LANGUAGE_STANDARD = gnu11;
				GCC_DYNAMIC_NO_PIC = NO;
				GCC_NO_COMMON_BLOCKS = YES;
				GCC_OPTIMIZATION_LEVEL = 0;
				GCC_PREPROCESSOR_DEFINITIONS = (
					"DEBUG=1",
					"$(inherited)",
				);
				GCC_WARN_64_TO_32_BIT_CONVERSION = YES;
				GCC_WARN_ABOUT_RETURN_TYPE = YES_ERROR;
				GCC_WARN_UNDECLARED_SELECTOR = YES;
				GCC_WARN_UNINITIALIZED_AUTOS = YES_AGGRESSIVE;
				GCC_WARN_UNUSED_FUNCTION = YES;
				GCC_WARN_UNUSED_VARIABLE = YES;
				IPHONEOS_DEPLOYMENT_TARGET = 13.5;
				MTL_ENABLE_DEBUG_INFO = INCLUDE_SOURCE;
				MTL_FAST_MATH = YES;
				ONLY_ACTIVE_ARCH = YES;
				SDKROOT = iphoneos;
				SWIFT_ACTIVE_COMPILATION_CONDITIONS = DEBUG;
				SWIFT_OPTIMIZATION_LEVEL = "-Onone";
			};
			name = Debug;
		};
		F133086824B32DFF0080B5C2 /* Release */ = {
			isa = XCBuildConfiguration;
			buildSettings = {
				ALWAYS_SEARCH_USER_PATHS = NO;
				CLANG_ANALYZER_NONNULL = YES;
				CLANG_ANALYZER_NUMBER_OBJECT_CONVERSION = YES_AGGRESSIVE;
				CLANG_CXX_LANGUAGE_STANDARD = "gnu++14";
				CLANG_CXX_LIBRARY = "libc++";
				CLANG_ENABLE_MODULES = YES;
				CLANG_ENABLE_OBJC_ARC = YES;
				CLANG_ENABLE_OBJC_WEAK = YES;
				CLANG_WARN_BLOCK_CAPTURE_AUTORELEASING = YES;
				CLANG_WARN_BOOL_CONVERSION = YES;
				CLANG_WARN_COMMA = YES;
				CLANG_WARN_CONSTANT_CONVERSION = YES;
				CLANG_WARN_DEPRECATED_OBJC_IMPLEMENTATIONS = YES;
				CLANG_WARN_DIRECT_OBJC_ISA_USAGE = YES_ERROR;
				CLANG_WARN_DOCUMENTATION_COMMENTS = YES;
				CLANG_WARN_EMPTY_BODY = YES;
				CLANG_WARN_ENUM_CONVERSION = YES;
				CLANG_WARN_INFINITE_RECURSION = YES;
				CLANG_WARN_INT_CONVERSION = YES;
				CLANG_WARN_NON_LITERAL_NULL_CONVERSION = YES;
				CLANG_WARN_OBJC_IMPLICIT_RETAIN_SELF = YES;
				CLANG_WARN_OBJC_LITERAL_CONVERSION = YES;
				CLANG_WARN_OBJC_ROOT_CLASS = YES_ERROR;
				CLANG_WARN_RANGE_LOOP_ANALYSIS = YES;
				CLANG_WARN_STRICT_PROTOTYPES = YES;
				CLANG_WARN_SUSPICIOUS_MOVE = YES;
				CLANG_WARN_UNGUARDED_AVAILABILITY = YES_AGGRESSIVE;
				CLANG_WARN_UNREACHABLE_CODE = YES;
				CLANG_WARN__DUPLICATE_METHOD_MATCH = YES;
				COPY_PHASE_STRIP = NO;
				DEBUG_INFORMATION_FORMAT = "dwarf-with-dsym";
				ENABLE_NS_ASSERTIONS = NO;
				ENABLE_STRICT_OBJC_MSGSEND = YES;
				GCC_C_LANGUAGE_STANDARD = gnu11;
				GCC_NO_COMMON_BLOCKS = YES;
				GCC_WARN_64_TO_32_BIT_CONVERSION = YES;
				GCC_WARN_ABOUT_RETURN_TYPE = YES_ERROR;
				GCC_WARN_UNDECLARED_SELECTOR = YES;
				GCC_WARN_UNINITIALIZED_AUTOS = YES_AGGRESSIVE;
				GCC_WARN_UNUSED_FUNCTION = YES;
				GCC_WARN_UNUSED_VARIABLE = YES;
				IPHONEOS_DEPLOYMENT_TARGET = 13.5;
				MTL_ENABLE_DEBUG_INFO = NO;
				MTL_FAST_MATH = YES;
				SDKROOT = iphoneos;
				SWIFT_COMPILATION_MODE = wholemodule;
				SWIFT_OPTIMIZATION_LEVEL = "-O";
				VALIDATE_PRODUCT = YES;
			};
			name = Release;
		};
		F133086A24B32DFF0080B5C2 /* Debug */ = {
			isa = XCBuildConfiguration;
			buildSettings = {
				ASSETCATALOG_COMPILER_APPICON_NAME = AppIcon;
				CODE_SIGN_ENTITLEMENTS = CloudBookkeeping/CloudBookkeeping.entitlements;
				CODE_SIGN_STYLE = Automatic;
				DEVELOPMENT_ASSET_PATHS = "\"CloudBookkeeping/Preview Content\"";
				DEVELOPMENT_TEAM = 32M58UCF8N;
				ENABLE_PREVIEWS = YES;
				INFOPLIST_FILE = CloudBookkeeping/Info.plist;
				LD_RUNPATH_SEARCH_PATHS = (
					"$(inherited)",
					"@executable_path/Frameworks",
				);
				PRODUCT_BUNDLE_IDENTIFIER = Suica.CloudBookKeeping;
				PRODUCT_NAME = CloudBookKeeping;
				SUPPORTS_MACCATALYST = YES;
				SWIFT_VERSION = 5.0;
				TARGETED_DEVICE_FAMILY = "1,2";
			};
			name = Debug;
		};
		F133086B24B32DFF0080B5C2 /* Release */ = {
			isa = XCBuildConfiguration;
			buildSettings = {
				ASSETCATALOG_COMPILER_APPICON_NAME = AppIcon;
				CODE_SIGN_ENTITLEMENTS = CloudBookkeeping/CloudBookkeeping.entitlements;
				CODE_SIGN_STYLE = Automatic;
				DEVELOPMENT_ASSET_PATHS = "\"CloudBookkeeping/Preview Content\"";
				DEVELOPMENT_TEAM = 32M58UCF8N;
				ENABLE_PREVIEWS = YES;
				INFOPLIST_FILE = CloudBookkeeping/Info.plist;
				LD_RUNPATH_SEARCH_PATHS = (
					"$(inherited)",
					"@executable_path/Frameworks",
				);
				PRODUCT_BUNDLE_IDENTIFIER = Suica.CloudBookKeeping;
				PRODUCT_NAME = CloudBookKeeping;
				SUPPORTS_MACCATALYST = YES;
				SWIFT_VERSION = 5.0;
				TARGETED_DEVICE_FAMILY = "1,2";
			};
			name = Release;
		};
		F133086D24B32DFF0080B5C2 /* Debug */ = {
			isa = XCBuildConfiguration;
			buildSettings = {
				ALWAYS_EMBED_SWIFT_STANDARD_LIBRARIES = YES;
				BUNDLE_LOADER = "$(TEST_HOST)";
				CODE_SIGN_STYLE = Automatic;
				DEVELOPMENT_TEAM = 32M58UCF8N;
				INFOPLIST_FILE = CloudBookkeepingTests/Info.plist;
				IPHONEOS_DEPLOYMENT_TARGET = 13.5;
				LD_RUNPATH_SEARCH_PATHS = (
					"$(inherited)",
					"@executable_path/Frameworks",
					"@loader_path/Frameworks",
				);
				PRODUCT_BUNDLE_IDENTIFIER = Suica.CloudBookkeepingTests;
				PRODUCT_NAME = "$(TARGET_NAME)";
				SWIFT_VERSION = 5.0;
				TARGETED_DEVICE_FAMILY = "1,2";
				TEST_HOST = "$(BUILT_PRODUCTS_DIR)/CloudBookKeeping.app/CloudBookKeeping";
			};
			name = Debug;
		};
		F133086E24B32DFF0080B5C2 /* Release */ = {
			isa = XCBuildConfiguration;
			buildSettings = {
				ALWAYS_EMBED_SWIFT_STANDARD_LIBRARIES = YES;
				BUNDLE_LOADER = "$(TEST_HOST)";
				CODE_SIGN_STYLE = Automatic;
				DEVELOPMENT_TEAM = 32M58UCF8N;
				INFOPLIST_FILE = CloudBookkeepingTests/Info.plist;
				IPHONEOS_DEPLOYMENT_TARGET = 13.5;
				LD_RUNPATH_SEARCH_PATHS = (
					"$(inherited)",
					"@executable_path/Frameworks",
					"@loader_path/Frameworks",
				);
				PRODUCT_BUNDLE_IDENTIFIER = Suica.CloudBookkeepingTests;
				PRODUCT_NAME = "$(TARGET_NAME)";
				SWIFT_VERSION = 5.0;
				TARGETED_DEVICE_FAMILY = "1,2";
				TEST_HOST = "$(BUILT_PRODUCTS_DIR)/CloudBookKeeping.app/CloudBookKeeping";
			};
			name = Release;
		};
		F133087024B32DFF0080B5C2 /* Debug */ = {
			isa = XCBuildConfiguration;
			buildSettings = {
				ALWAYS_EMBED_SWIFT_STANDARD_LIBRARIES = YES;
				CODE_SIGN_STYLE = Automatic;
				DEVELOPMENT_TEAM = 32M58UCF8N;
				INFOPLIST_FILE = CloudBookkeepingUITests/Info.plist;
				LD_RUNPATH_SEARCH_PATHS = (
					"$(inherited)",
					"@executable_path/Frameworks",
					"@loader_path/Frameworks",
				);
				PRODUCT_BUNDLE_IDENTIFIER = Suica.CloudBookkeepingUITests;
				PRODUCT_NAME = "$(TARGET_NAME)";
				SWIFT_VERSION = 5.0;
				TARGETED_DEVICE_FAMILY = "1,2";
				TEST_TARGET_NAME = CloudBookkeeping;
			};
			name = Debug;
		};
		F133087124B32DFF0080B5C2 /* Release */ = {
			isa = XCBuildConfiguration;
			buildSettings = {
				ALWAYS_EMBED_SWIFT_STANDARD_LIBRARIES = YES;
				CODE_SIGN_STYLE = Automatic;
				DEVELOPMENT_TEAM = 32M58UCF8N;
				INFOPLIST_FILE = CloudBookkeepingUITests/Info.plist;
				LD_RUNPATH_SEARCH_PATHS = (
					"$(inherited)",
					"@executable_path/Frameworks",
					"@loader_path/Frameworks",
				);
				PRODUCT_BUNDLE_IDENTIFIER = Suica.CloudBookkeepingUITests;
				PRODUCT_NAME = "$(TARGET_NAME)";
				SWIFT_VERSION = 5.0;
				TARGETED_DEVICE_FAMILY = "1,2";
				TEST_TARGET_NAME = CloudBookkeeping;
			};
			name = Release;
		};
/* End XCBuildConfiguration section */

/* Begin XCConfigurationList section */
		F133083724B32DFE0080B5C2 /* Build configuration list for PBXProject "CloudBookKeeping" */ = {
			isa = XCConfigurationList;
			buildConfigurations = (
				F133086724B32DFF0080B5C2 /* Debug */,
				F133086824B32DFF0080B5C2 /* Release */,
			);
			defaultConfigurationIsVisible = 0;
			defaultConfigurationName = Release;
		};
		F133086924B32DFF0080B5C2 /* Build configuration list for PBXNativeTarget "CloudBookKeeping" */ = {
			isa = XCConfigurationList;
			buildConfigurations = (
				F133086A24B32DFF0080B5C2 /* Debug */,
				F133086B24B32DFF0080B5C2 /* Release */,
			);
			defaultConfigurationIsVisible = 0;
			defaultConfigurationName = Release;
		};
		F133086C24B32DFF0080B5C2 /* Build configuration list for PBXNativeTarget "CloudBookKeepingTests" */ = {
			isa = XCConfigurationList;
			buildConfigurations = (
				F133086D24B32DFF0080B5C2 /* Debug */,
				F133086E24B32DFF0080B5C2 /* Release */,
			);
			defaultConfigurationIsVisible = 0;
			defaultConfigurationName = Release;
		};
		F133086F24B32DFF0080B5C2 /* Build configuration list for PBXNativeTarget "CloudBookKeepingUITests" */ = {
			isa = XCConfigurationList;
			buildConfigurations = (
				F133087024B32DFF0080B5C2 /* Debug */,
				F133087124B32DFF0080B5C2 /* Release */,
			);
			defaultConfigurationIsVisible = 0;
			defaultConfigurationName = Release;
		};
/* End XCConfigurationList section */

/* Begin XCVersionGroup section */
		F133084324B32DFE0080B5C2 /* CloudBookkeeping.xcdatamodeld */ = {
			isa = XCVersionGroup;
			children = (
				F133084424B32DFE0080B5C2 /* CloudBookkeeping.xcdatamodel */,
			);
			currentVersion = F133084424B32DFE0080B5C2 /* CloudBookkeeping.xcdatamodel */;
			path = CloudBookkeeping.xcdatamodeld;
			sourceTree = "<group>";
			versionGroupType = wrapper.xcdatamodel;
		};
/* End XCVersionGroup section */
	};
	rootObject = F133083424B32DFE0080B5C2 /* Project object */;
}
